{
  "nodes": {
    "flake-compat": {
      "flake": false,
      "locked": {
        "lastModified": 1696426674,
        "narHash": "sha256-kvjfFW7WAETZlt09AgDn1MrtKzP7t90Vf7vypd3OL1U=",
        "owner": "edolstra",
        "repo": "flake-compat",
        "rev": "0f9255e01c2351cc7d116c072cb317785dd33b33",
        "type": "github"
      },
      "original": {
        "owner": "edolstra",
        "repo": "flake-compat",
        "type": "github"
      }
    },
    "flake-compat_2": {
      "locked": {
        "lastModified": 1696426674,
        "narHash": "sha256-kvjfFW7WAETZlt09AgDn1MrtKzP7t90Vf7vypd3OL1U=",
        "owner": "edolstra",
        "repo": "flake-compat",
        "rev": "0f9255e01c2351cc7d116c072cb317785dd33b33",
        "type": "github"
      },
      "original": {
        "owner": "edolstra",
        "repo": "flake-compat",
        "type": "github"
      }
    },
    "flake-parts": {
      "inputs": {
        "nixpkgs-lib": [
          "neovim-nightly",
          "nixpkgs"
        ]
      },
      "locked": {
        "lastModified": 1714641030,
        "narHash": "sha256-yzcRNDoyVP7+SCNX0wmuDju1NUCt8Dz9+lyUXEI0dbI=",
        "owner": "hercules-ci",
        "repo": "flake-parts",
        "rev": "e5d10a24b66c3ea8f150e47dfdb0416ab7c3390e",
        "type": "github"
      },
      "original": {
        "owner": "hercules-ci",
        "repo": "flake-parts",
        "type": "github"
      }
    },
    "flake-parts_2": {
      "inputs": {
        "nixpkgs-lib": [
          "neovim-nightly",
          "hercules-ci-effects",
          "nixpkgs"
        ]
      },
      "locked": {
        "lastModified": 1712014858,
        "narHash": "sha256-sB4SWl2lX95bExY2gMFG5HIzvva5AVMJd4Igm+GpZNw=",
        "owner": "hercules-ci",
        "repo": "flake-parts",
        "rev": "9126214d0a59633752a136528f5f3b9aa8565b7d",
        "type": "github"
      },
      "original": {
        "id": "flake-parts",
        "type": "indirect"
      }
    },
    "flake-utils": {
      "inputs": {
        "systems": "systems"
      },
      "locked": {
        "lastModified": 1710146030,
        "narHash": "sha256-SZ5L6eA7HJ/nmkzGG7/ISclqe6oZdOZTNoesiInkXPQ=",
        "owner": "numtide",
        "repo": "flake-utils",
        "rev": "b1d9ab70662946ef0850d488da1c9019f3a9752a",
        "type": "github"
      },
      "original": {
        "owner": "numtide",
        "repo": "flake-utils",
        "type": "github"
      }
    },
    "flake-utils_2": {
      "inputs": {
        "systems": "systems_2"
      },
      "locked": {
        "lastModified": 1710146030,
        "narHash": "sha256-SZ5L6eA7HJ/nmkzGG7/ISclqe6oZdOZTNoesiInkXPQ=",
        "owner": "numtide",
        "repo": "flake-utils",
        "rev": "b1d9ab70662946ef0850d488da1c9019f3a9752a",
        "type": "github"
      },
      "original": {
        "owner": "numtide",
        "repo": "flake-utils",
        "type": "github"
      }
    },
    "flake-utils_3": {
      "inputs": {
        "systems": "systems_3"
      },
      "locked": {
        "lastModified": 1710146030,
        "narHash": "sha256-SZ5L6eA7HJ/nmkzGG7/ISclqe6oZdOZTNoesiInkXPQ=",
        "owner": "numtide",
        "repo": "flake-utils",
        "rev": "b1d9ab70662946ef0850d488da1c9019f3a9752a",
        "type": "github"
      },
      "original": {
        "owner": "numtide",
        "repo": "flake-utils",
        "type": "github"
      }
    },
    "flake-utils_4": {
      "inputs": {
        "systems": "systems_4"
      },
      "locked": {
        "lastModified": 1710146030,
        "narHash": "sha256-SZ5L6eA7HJ/nmkzGG7/ISclqe6oZdOZTNoesiInkXPQ=",
        "owner": "numtide",
        "repo": "flake-utils",
        "rev": "b1d9ab70662946ef0850d488da1c9019f3a9752a",
        "type": "github"
      },
      "original": {
        "owner": "numtide",
        "repo": "flake-utils",
        "type": "github"
      }
    },
    "flake-utils_5": {
      "inputs": {
        "systems": "systems_5"
      },
      "locked": {
        "lastModified": 1705309234,
        "narHash": "sha256-uNRRNRKmJyCRC/8y1RqBkqWBLM034y4qN7EprSdmgyA=",
        "owner": "numtide",
        "repo": "flake-utils",
        "rev": "1ef2e671c3b0c19053962c07dbda38332dcebf26",
        "type": "github"
      },
      "original": {
        "owner": "numtide",
        "repo": "flake-utils",
        "type": "github"
      }
    },
    "freetype2": {
      "flake": false,
      "locked": {
        "lastModified": 1675923892,
        "narHash": "sha256-dOm8VKYdclTLLkqWMLv7DQI0Qyjit7S4SOCszKEkG3o=",
        "owner": "wez",
        "repo": "freetype2",
        "rev": "de8b92dd7ec634e9e2b25ef534c54a3537555c11",
        "type": "github"
      },
      "original": {
        "owner": "wez",
        "repo": "freetype2",
        "rev": "de8b92dd7ec634e9e2b25ef534c54a3537555c11",
        "type": "github"
      }
    },
    "githooks": {
      "inputs": {
        "flake-utils": "flake-utils",
        "nixpkgs": [
          "nixpkgs"
        ]
      },
      "locked": {
        "dir": "nix",
        "lastModified": 1715090353,
        "narHash": "sha256-bAJrcdkMJIs+2MG6UjPT1vFqEx0W/0lTQ3i6B+KoA9g=",
        "owner": "gabyx",
        "repo": "githooks",
        "rev": "ed90c2c2bdadc6c54bd2caf8b97bc9ea846d8270",
        "type": "github"
      },
      "original": {
        "dir": "nix",
        "owner": "gabyx",
        "repo": "githooks",
        "type": "github"
      }
    },
    "hardware": {
      "locked": {
        "lastModified": 1715010655,
        "narHash": "sha256-FmdhvR/hgBkPDvIv/HOEIQsSMaVXh8wvTrnep8dF3Jc=",
        "owner": "NixOS",
        "repo": "nixos-hardware",
        "rev": "d1659c9eb8af718118fb4bbe2c86797c8b8623eb",
        "type": "github"
      },
      "original": {
        "owner": "NixOS",
        "repo": "nixos-hardware",
        "type": "github"
      }
    },
    "harfbuzz": {
      "flake": false,
      "locked": {
        "lastModified": 1677798343,
        "narHash": "sha256-Lsd0Vrkrv67CMyV0ZveShfjUvqh/jDhI8rAK9ps+SZQ=",
        "owner": "harfbuzz",
        "repo": "harfbuzz",
        "rev": "60841e26187576bff477c1a09ee2ffe544844abc",
        "type": "github"
      },
      "original": {
        "owner": "harfbuzz",
        "repo": "harfbuzz",
        "rev": "60841e26187576bff477c1a09ee2ffe544844abc",
        "type": "github"
      }
    },
    "hercules-ci-effects": {
      "inputs": {
        "flake-parts": "flake-parts_2",
        "nixpkgs": [
          "neovim-nightly",
          "nixpkgs"
        ]
      },
      "locked": {
        "lastModified": 1713898448,
        "narHash": "sha256-6q6ojsp/Z9P2goqnxyfCSzFOD92T3Uobmj8oVAicUOs=",
        "owner": "hercules-ci",
        "repo": "hercules-ci-effects",
        "rev": "c0302ec12d569532a6b6bd218f698bc402e93adc",
        "type": "github"
      },
      "original": {
        "owner": "hercules-ci",
        "repo": "hercules-ci-effects",
        "type": "github"
      }
    },
    "home-manager": {
      "inputs": {
        "nixpkgs": [
          "nixpkgs"
        ]
      },
      "locked": {
        "lastModified": 1715077503,
        "narHash": "sha256-AfHQshzLQfUqk/efMtdebHaQHqVntCMjhymQzVFLes0=",
        "owner": "nix-community",
        "repo": "home-manager",
        "rev": "6e277d9566de9976f47228dd8c580b97488734d4",
        "type": "github"
      },
      "original": {
        "owner": "nix-community",
        "ref": "master",
        "repo": "home-manager",
        "type": "github"
      }
    },
    "libpng": {
      "flake": false,
      "locked": {
        "lastModified": 1549245649,
        "narHash": "sha256-1+cRp0Ungme/OGfc9kGJbklYIWAFxk8Il1M+NV4KSgw=",
        "owner": "glennrp",
        "repo": "libpng",
        "rev": "8439534daa1d3a5705ba92e653eda9251246dd61",
        "type": "github"
      },
      "original": {
        "owner": "glennrp",
        "repo": "libpng",
        "rev": "8439534daa1d3a5705ba92e653eda9251246dd61",
        "type": "github"
      }
    },
    "neovim-flake": {
      "inputs": {
        "flake-utils": "flake-utils_2",
        "nixpkgs": [
          "neovim-nightly",
          "nixpkgs"
        ]
      },
      "locked": {
        "dir": "contrib",
        "lastModified": 1715034265,
        "narHash": "sha256-c5qD0VWsX6/tINoFGUBwZHBxWgoVPTTpEBEUid4E5OA=",
        "owner": "neovim",
        "repo": "neovim",
        "rev": "d40b0a96c4f65da7e02194c94a2c1de79cecaf81",
        "type": "github"
      },
      "original": {
        "dir": "contrib",
        "owner": "neovim",
        "repo": "neovim",
        "type": "github"
      }
    },
    "neovim-nightly": {
      "inputs": {
        "flake-compat": "flake-compat",
        "flake-parts": "flake-parts",
        "hercules-ci-effects": "hercules-ci-effects",
        "neovim-flake": "neovim-flake",
        "nixpkgs": [
          "nixpkgs"
        ]
      },
      "locked": {
        "lastModified": 1715040395,
        "narHash": "sha256-KVSUDheJr2BJUWhciwRUhx7Tkrd1XHpsvH++bcrxz9Y=",
        "owner": "nix-community",
        "repo": "neovim-nightly-overlay",
        "rev": "c53a356ac1ef971983b08a57dd7043a5166c2b25",
        "type": "github"
      },
      "original": {
        "owner": "nix-community",
        "repo": "neovim-nightly-overlay",
        "type": "github"
      }
    },
    "nix-filter": {
      "locked": {
        "lastModified": 1710156097,
        "narHash": "sha256-1Wvk8UP7PXdf8bCCaEoMnOT1qe5/Duqgj+rL8sRQsSM=",
        "owner": "numtide",
        "repo": "nix-filter",
        "rev": "3342559a24e85fc164b295c3444e8a139924675b",
        "type": "github"
      },
      "original": {
        "owner": "numtide",
        "repo": "nix-filter",
        "type": "github"
      }
    },
    "nix-index-database": {
      "inputs": {
        "nixpkgs": [
          "nixpkgs"
        ]
      },
      "locked": {
        "lastModified": 1714878592,
        "narHash": "sha256-E68C03sYRsYFsK7wiGHUIJm8IsyPRALOrFoTL0glXnI=",
        "owner": "nix-community",
        "repo": "nix-index-database",
        "rev": "a362555e9dbd4ecff3bb98969bbdb8f79fe87f10",
        "type": "github"
      },
      "original": {
        "owner": "nix-community",
        "repo": "nix-index-database",
        "type": "github"
      }
    },
    "nix-index-database_2": {
      "inputs": {
        "nixpkgs": "nixpkgs"
      },
      "locked": {
        "lastModified": 1713067146,
        "narHash": "sha256-9D20xjblGKEVRVCnM3qWhiizEa9i6OpK6xQJajwcwOQ=",
        "owner": "nix-community",
        "repo": "nix-index-database",
        "rev": "93aed67288be60c9ef6133ba2f8de128f4ef265c",
        "type": "github"
      },
      "original": {
        "owner": "nix-community",
        "repo": "nix-index-database",
        "type": "github"
      }
    },
    "nixAlien": {
      "inputs": {
        "flake-compat": "flake-compat_2",
        "flake-utils": "flake-utils_3",
        "nix-filter": "nix-filter",
        "nix-index-database": "nix-index-database_2",
        "nixpkgs": [
          "nixpkgs"
        ]
      },
      "locked": {
        "lastModified": 1713164845,
        "narHash": "sha256-6X0H56qGmN/LoEdcBcwm3+apHLEe7r4caO719q1/KMI=",
        "owner": "thiagokokada",
        "repo": "nix-alien",
        "rev": "db5d6107d3c72d5eb0b7a02a30b87b1f0076fcc5",
        "type": "github"
      },
      "original": {
        "owner": "thiagokokada",
        "repo": "nix-alien",
        "type": "github"
      }
    },
    "nixpkgs": {
      "locked": {
        "lastModified": 1712791164,
        "narHash": "sha256-3sbWO1mbpWsLepZGbWaMovSO7ndZeFqDSdX0hZ9nVyw=",
        "owner": "nixos",
        "repo": "nixpkgs",
        "rev": "1042fd8b148a9105f3c0aca3a6177fd1d9360ba5",
        "type": "github"
      },
      "original": {
        "owner": "nixos",
        "ref": "nixos-unstable",
        "repo": "nixpkgs",
        "type": "github"
      }
    },
    "nixpkgsStable": {
      "locked": {
        "lastModified": 1714971268,
        "narHash": "sha256-IKwMSwHj9+ec660l+I4tki/1NRoeGpyA2GdtdYpAgEw=",
        "owner": "nixos",
        "repo": "nixpkgs",
        "rev": "27c13997bf450a01219899f5a83bd6ffbfc70d3c",
        "type": "github"
      },
      "original": {
        "owner": "nixos",
        "ref": "nixos-23.11",
        "repo": "nixpkgs",
        "type": "github"
      }
    },
    "nixpkgs_2": {
      "locked": {
        "lastModified": 1714906307,
        "narHash": "sha256-UlRZtrCnhPFSJlDQE7M0eyhgvuuHBTe1eJ9N9AQlJQ0=",
        "owner": "nixos",
        "repo": "nixpkgs",
        "rev": "25865a40d14b3f9cf19f19b924e2ab4069b09588",
        "type": "github"
      },
      "original": {
        "owner": "nixos",
        "ref": "nixos-unstable",
        "repo": "nixpkgs",
        "type": "github"
      }
    },
    "nvd-tool": {
      "inputs": {
        "flake-utils": "flake-utils_4",
        "nixpkgs": [
          "nixpkgs"
        ]
      },
      "locked": {
        "lastModified": 1714873999,
        "narHash": "sha256-6XWHcDTeZ6Jq4Lz9hXbkG6fLknLdLGhCd5RUXhZCYcA=",
        "owner": "khumba",
        "repo": "nvd",
        "rev": "a8c1d6fa00b9b52165c288d378f62fecf791016e",
        "type": "gitlab"
      },
      "original": {
        "owner": "khumba",
        "repo": "nvd",
        "type": "gitlab"
      }
    },
    "root": {
      "inputs": {
        "githooks": "githooks",
        "hardware": "hardware",
        "home-manager": "home-manager",
        "neovim-nightly": "neovim-nightly",
        "nix-index-database": "nix-index-database",
        "nixAlien": "nixAlien",
        "nixpkgs": "nixpkgs_2",
        "nixpkgsStable": "nixpkgsStable",
        "nvd-tool": "nvd-tool",
        "wezterm": "wezterm"
      }
    },
    "rust-overlay": {
      "inputs": {
        "flake-utils": [
          "wezterm",
          "flake-utils"
        ],
        "nixpkgs": [
          "wezterm",
          "nixpkgs"
        ]
      },
      "locked": {
        "lastModified": 1705457855,
        "narHash": "sha256-5cCHQtP/PEHK1YNTQyZN9v8ehpLTjc723ZSKAP3Tva8=",
        "owner": "oxalica",
        "repo": "rust-overlay",
        "rev": "a854609265af0e9f48c92e497679edf8fab9e690",
        "type": "github"
      },
      "original": {
        "owner": "oxalica",
        "repo": "rust-overlay",
        "type": "github"
      }
    },
    "systems": {
      "locked": {
        "lastModified": 1681028828,
        "narHash": "sha256-Vy1rq5AaRuLzOxct8nz4T6wlgyUR7zLU309k9mBC768=",
        "owner": "nix-systems",
        "repo": "default",
        "rev": "da67096a3b9bf56a91d16901293e51ba5b49a27e",
        "type": "github"
      },
      "original": {
        "owner": "nix-systems",
        "repo": "default",
        "type": "github"
      }
    },
    "systems_2": {
      "locked": {
        "lastModified": 1681028828,
        "narHash": "sha256-Vy1rq5AaRuLzOxct8nz4T6wlgyUR7zLU309k9mBC768=",
        "owner": "nix-systems",
        "repo": "default",
        "rev": "da67096a3b9bf56a91d16901293e51ba5b49a27e",
        "type": "github"
      },
      "original": {
        "owner": "nix-systems",
        "repo": "default",
        "type": "github"
      }
    },
    "systems_3": {
      "locked": {
        "lastModified": 1681028828,
        "narHash": "sha256-Vy1rq5AaRuLzOxct8nz4T6wlgyUR7zLU309k9mBC768=",
        "owner": "nix-systems",
        "repo": "default",
        "rev": "da67096a3b9bf56a91d16901293e51ba5b49a27e",
        "type": "github"
      },
      "original": {
        "owner": "nix-systems",
        "repo": "default",
        "type": "github"
      }
    },
    "systems_4": {
      "locked": {
        "lastModified": 1681028828,
        "narHash": "sha256-Vy1rq5AaRuLzOxct8nz4T6wlgyUR7zLU309k9mBC768=",
        "owner": "nix-systems",
        "repo": "default",
        "rev": "da67096a3b9bf56a91d16901293e51ba5b49a27e",
        "type": "github"
      },
      "original": {
        "owner": "nix-systems",
        "repo": "default",
        "type": "github"
      }
    },
    "systems_5": {
      "locked": {
        "lastModified": 1681028828,
        "narHash": "sha256-Vy1rq5AaRuLzOxct8nz4T6wlgyUR7zLU309k9mBC768=",
        "owner": "nix-systems",
        "repo": "default",
        "rev": "da67096a3b9bf56a91d16901293e51ba5b49a27e",
        "type": "github"
      },
      "original": {
        "owner": "nix-systems",
        "repo": "default",
        "type": "github"
      }
    },
    "wezterm": {
      "inputs": {
        "flake-utils": "flake-utils_5",
        "freetype2": "freetype2",
        "harfbuzz": "harfbuzz",
        "libpng": "libpng",
        "nixpkgs": [
          "nixpkgs"
        ],
        "rust-overlay": "rust-overlay",
        "zlib": "zlib"
      },
      "locked": {
        "dir": "nix",
        "lastModified": 1715032375,
        "narHash": "sha256-Rq0oymo/yP0KUnXe9zWLE9zvUfKqCmVPtL5g+1MIH9M=",
        "owner": "wez",
        "repo": "wezterm",
        "rev": "0b50725f67154664292d83681f3f421c6567e3b5",
        "type": "github"
      },
      "original": {
        "dir": "nix",
        "owner": "wez",
        "repo": "wezterm",
        "type": "github"
      }
    },
    "zlib": {
      "flake": false,
      "locked": {
        "lastModified": 1484501380,
        "narHash": "sha256-j5b6aki1ztrzfCqu8y729sPar8GpyQWIrajdzpJC+ww=",
        "owner": "madler",
        "repo": "zlib",
        "rev": "cacf7f1d4e3d44d871b605da3b647f07d718623f",
        "type": "github"
      },
      "original": {
        "owner": "madler",
        "repo": "zlib",
        "rev": "cacf7f1d4e3d44d871b605da3b647f07d718623f",
        "type": "github"
      }
    }
  },
  "root": "root",
  "version": 7
}
