{
  "nodes": {
    "home-manager": {
      "inputs": {
        "nixpkgs": "nixpkgs"
      },
      "locked": {
        "lastModified": 1701676655,
        "narHash": "sha256-wP8i7hO2aLNJhYoTK3kqoymaCLgt4QcwWcO8d/A1CjQ=",
        "path": "/nix/store/7akx7rmhqprbydsw7my6ni2y4gvd3gjc-source",
        "rev": "948703f3e71f1332a0cb535ebaf5cb14946e3724",
        "type": "path"
      },
      "original": {
        "id": "home-manager",
        "type": "indirect"
      }
    },
    "nixpkgs": {
      "locked": {
        "lastModified": 1701253981,
        "narHash": "sha256-ztaDIyZ7HrTAfEEUt9AtTDNoCYxUdSd6NrRHaYOIxtk=",
        "owner": "NixOS",
        "repo": "nixpkgs",
        "rev": "e92039b55bcd58469325ded85d4f58dd5a4eaf58",
        "type": "github"
      },
      "original": {
        "owner": "NixOS",
        "ref": "nixos-unstable",
        "repo": "nixpkgs",
        "type": "github"
      }
    },
    "nixpkgsStable": {
      "locked": {
        "lastModified": 1702233072,
        "narHash": "sha256-H5G2wgbim2Ku6G6w+NSaQaauv6B6DlPhY9fMvArKqRo=",
        "owner": "nixos",
        "repo": "nixpkgs",
        "rev": "781e2a9797ecf0f146e81425c822dca69fe4a348",
        "type": "github"
      },
      "original": {
        "owner": "nixos",
        "ref": "nixos-23.11",
        "repo": "nixpkgs",
        "type": "github"
      }
    },
    "nixpkgs_2": {
      "locked": {
        "lastModified": 1702151865,
        "narHash": "sha256-9VAt19t6yQa7pHZLDbil/QctAgVsA66DLnzdRGqDisg=",
        "owner": "nixos",
        "repo": "nixpkgs",
        "rev": "666fc80e7b2afb570462423cb0e1cf1a3a34fedd",
        "type": "github"
      },
      "original": {
        "owner": "nixos",
        "ref": "nixos-unstable",
        "repo": "nixpkgs",
        "type": "github"
      }
    },
    "root": {
      "inputs": {
        "home-manager": "home-manager",
        "nixpkgs": "nixpkgs_2",
        "nixpkgsStable": "nixpkgsStable"
      }
    }
  },
  "root": "root",
  "version": 7
}
